// !$*UTF8*$!
{
	archiveVersion = 1;
	classes = {
	};
	objectVersion = 50;
	objects = {

/* Begin PBXBuildFile section */
		A532C459237D3D16002E698C /* ArraySlice_popFirst.swift in Sources */ = {isa = PBXBuildFile; fileRef = A532C458237D3D16002E698C /* ArraySlice_popFirst.swift */; };
		A532C45B237D3E4A002E698C /* ArraySlice_removeFirst.swift in Sources */ = {isa = PBXBuildFile; fileRef = A532C45A237D3E4A002E698C /* ArraySlice_removeFirst.swift */; };
		A532C45D237D3F16002E698C /* Array_removeFirst.swift in Sources */ = {isa = PBXBuildFile; fileRef = A532C45C237D3F16002E698C /* Array_removeFirst.swift */; };
		A532C45F237D3FC8002E698C /* ContiguousArray_removeFirst.swift in Sources */ = {isa = PBXBuildFile; fileRef = A532C45E237D3FC8002E698C /* ContiguousArray_removeFirst.swift */; };
		A532C461237D50A4002E698C /* NSNumber_floatValue.swift in Sources */ = {isa = PBXBuildFile; fileRef = A532C460237D50A4002E698C /* NSNumber_floatValue.swift */; };
		A549863B237D8CD9000BC9ED /* Array_sort.swift in Sources */ = {isa = PBXBuildFile; fileRef = A549863A237D8CD9000BC9ED /* Array_sort.swift */; };
		A549863D237D9387000BC9ED /* NSMutableArray_sort_compare_context.swift in Sources */ = {isa = PBXBuildFile; fileRef = A549863C237D9387000BC9ED /* NSMutableArray_sort_compare_context.swift */; };
		A549863F237DA00D000BC9ED /* NSMutableArray_sort_sortDescriptors.swift in Sources */ = {isa = PBXBuildFile; fileRef = A549863E237DA00D000BC9ED /* NSMutableArray_sort_sortDescriptors.swift */; };
		A5498641237DA7AF000BC9ED /* NSMutableArray_sort_options_usingComparator.swift in Sources */ = {isa = PBXBuildFile; fileRef = A5498640237DA7AF000BC9ED /* NSMutableArray_sort_options_usingComparator.swift */; };
		A5A826CD237A60AA00C2B850 /* ContiguousArray_makeIterator.swift in Sources */ = {isa = PBXBuildFile; fileRef = A5A826CC237A60AA00C2B850 /* ContiguousArray_makeIterator.swift */; };
		A5A826D1237A8AB500C2B850 /* main.swift in Sources */ = {isa = PBXBuildFile; fileRef = A5A826D0237A8AB500C2B850 /* main.swift */; };
		A5A826D3237A975300C2B850 /* Array_makeIterator.swift in Sources */ = {isa = PBXBuildFile; fileRef = A5A826D2237A975300C2B850 /* Array_makeIterator.swift */; };
		A5A826D5237AA34C00C2B850 /* ContiguousArray_remove_Int.swift in Sources */ = {isa = PBXBuildFile; fileRef = A5A826D4237AA34C00C2B850 /* ContiguousArray_remove_Int.swift */; };
		A5A826D7237AA62100C2B850 /* Array_remove_Int.swift in Sources */ = {isa = PBXBuildFile; fileRef = A5A826D6237AA62100C2B850 /* Array_remove_Int.swift */; };
/* End PBXBuildFile section */

/* Begin PBXCopyFilesBuildPhase section */
		A5A826C0237A5D8100C2B850 /* CopyFiles */ = {
			isa = PBXCopyFilesBuildPhase;
			buildActionMask = 2147483647;
			dstPath = /usr/share/man/man1/;
			dstSubfolderSpec = 0;
			files = (
			);
			runOnlyForDeploymentPostprocessing = 1;
		};
/* End PBXCopyFilesBuildPhase section */

/* Begin PBXFileReference section */
		A532C458237D3D16002E698C /* ArraySlice_popFirst.swift */ = {isa = PBXFileReference; lastKnownFileType = sourcecode.swift; path = ArraySlice_popFirst.swift; sourceTree = "<group>"; };
		A532C45A237D3E4A002E698C /* ArraySlice_removeFirst.swift */ = {isa = PBXFileReference; lastKnownFileType = sourcecode.swift; path = ArraySlice_removeFirst.swift; sourceTree = "<group>"; };
		A532C45C237D3F16002E698C /* Array_removeFirst.swift */ = {isa = PBXFileReference; lastKnownFileType = sourcecode.swift; path = Array_removeFirst.swift; sourceTree = "<group>"; };
		A532C45E237D3FC8002E698C /* ContiguousArray_removeFirst.swift */ = {isa = PBXFileReference; lastKnownFileType = sourcecode.swift; path = ContiguousArray_removeFirst.swift; sourceTree = "<group>"; };
		A532C460237D50A4002E698C /* NSNumber_floatValue.swift */ = {isa = PBXFileReference; lastKnownFileType = sourcecode.swift; path = NSNumber_floatValue.swift; sourceTree = "<group>"; };
		A549863A237D8CD9000BC9ED /* Array_sort.swift */ = {isa = PBXFileReference; lastKnownFileType = sourcecode.swift; path = Array_sort.swift; sourceTree = "<group>"; };
		A549863C237D9387000BC9ED /* NSMutableArray_sort_compare_context.swift */ = {isa = PBXFileReference; lastKnownFileType = sourcecode.swift; path = NSMutableArray_sort_compare_context.swift; sourceTree = "<group>"; };
		A549863E237DA00D000BC9ED /* NSMutableArray_sort_sortDescriptors.swift */ = {isa = PBXFileReference; lastKnownFileType = sourcecode.swift; path = NSMutableArray_sort_sortDescriptors.swift; sourceTree = "<group>"; };
		A5498640237DA7AF000BC9ED /* NSMutableArray_sort_options_usingComparator.swift */ = {isa = PBXFileReference; lastKnownFileType = sourcecode.swift; path = NSMutableArray_sort_options_usingComparator.swift; sourceTree = "<group>"; };
		A5A826C2237A5D8100C2B850 /* sm */ = {isa = PBXFileReference; explicitFileType = "compiled.mach-o.executable"; includeInIndex = 0; path = sm; sourceTree = BUILT_PRODUCTS_DIR; };
		A5A826CC237A60AA00C2B850 /* ContiguousArray_makeIterator.swift */ = {isa = PBXFileReference; lastKnownFileType = sourcecode.swift; path = ContiguousArray_makeIterator.swift; sourceTree = "<group>"; };
		A5A826D0237A8AB500C2B850 /* main.swift */ = {isa = PBXFileReference; lastKnownFileType = sourcecode.swift; path = main.swift; sourceTree = "<group>"; };
		A5A826D2237A975300C2B850 /* Array_makeIterator.swift */ = {isa = PBXFileReference; lastKnownFileType = sourcecode.swift; path = Array_makeIterator.swift; sourceTree = "<group>"; };
		A5A826D4237AA34C00C2B850 /* ContiguousArray_remove_Int.swift */ = {isa = PBXFileReference; lastKnownFileType = sourcecode.swift; path = ContiguousArray_remove_Int.swift; sourceTree = "<group>"; };
		A5A826D6237AA62100C2B850 /* Array_remove_Int.swift */ = {isa = PBXFileReference; lastKnownFileType = sourcecode.swift; path = Array_remove_Int.swift; sourceTree = "<group>"; };
/* End PBXFileReference section */

/* Begin PBXFrameworksBuildPhase section */
		A5A826BF237A5D8100C2B850 /* Frameworks */ = {
			isa = PBXFrameworksBuildPhase;
			buildActionMask = 2147483647;
			files = (
			);
			runOnlyForDeploymentPostprocessing = 0;
		};
/* End PBXFrameworksBuildPhase section */

/* Begin PBXGroup section */
		A5A826B9237A5D8100C2B850 = {
			isa = PBXGroup;
			children = (
				A5A826C4237A5D8100C2B850 /* sm */,
				A5A826C3237A5D8100C2B850 /* Products */,
			);
			sourceTree = "<group>";
		};
		A5A826C3237A5D8100C2B850 /* Products */ = {
			isa = PBXGroup;
			children = (
				A5A826C2237A5D8100C2B850 /* sm */,
			);
			name = Products;
			sourceTree = "<group>";
		};
		A5A826C4237A5D8100C2B850 /* sm */ = {
			isa = PBXGroup;
			children = (
				A5A826CC237A60AA00C2B850 /* ContiguousArray_makeIterator.swift */,
				A5A826D0237A8AB500C2B850 /* main.swift */,
				A5A826D2237A975300C2B850 /* Array_makeIterator.swift */,
				A5A826D4237AA34C00C2B850 /* ContiguousArray_remove_Int.swift */,
				A5A826D6237AA62100C2B850 /* Array_remove_Int.swift */,
				A532C458237D3D16002E698C /* ArraySlice_popFirst.swift */,
				A532C45A237D3E4A002E698C /* ArraySlice_removeFirst.swift */,
				A532C45C237D3F16002E698C /* Array_removeFirst.swift */,
				A532C45E237D3FC8002E698C /* ContiguousArray_removeFirst.swift */,
				A532C460237D50A4002E698C /* NSNumber_floatValue.swift */,
				A549863A237D8CD9000BC9ED /* Array_sort.swift */,
				A549863C237D9387000BC9ED /* NSMutableArray_sort_compare_context.swift */,
				A549863E237DA00D000BC9ED /* NSMutableArray_sort_sortDescriptors.swift */,
				A5498640237DA7AF000BC9ED /* NSMutableArray_sort_options_usingComparator.swift */,
			);
			path = sm;
			sourceTree = "<group>";
		};
/* End PBXGroup section */

/* Begin PBXNativeTarget section */
		A5A826C1237A5D8100C2B850 /* sm */ = {
			isa = PBXNativeTarget;
			buildConfigurationList = A5A826C9237A5D8100C2B850 /* Build configuration list for PBXNativeTarget "sm" */;
			buildPhases = (
				A5A826BE237A5D8100C2B850 /* Sources */,
				A5A826BF237A5D8100C2B850 /* Frameworks */,
				A5A826C0237A5D8100C2B850 /* CopyFiles */,
			);
			buildRules = (
			);
			dependencies = (
			);
			name = sm;
			productName = sm;
			productReference = A5A826C2237A5D8100C2B850 /* sm */;
			productType = "com.apple.product-type.tool";
		};
/* End PBXNativeTarget section */

/* Begin PBXProject section */
		A5A826BA237A5D8100C2B850 /* Project object */ = {
			isa = PBXProject;
			attributes = {
				LastSwiftUpdateCheck = 1120;
				LastUpgradeCheck = 1120;
				ORGANIZATIONNAME = weiyuyang;
				TargetAttributes = {
					A5A826C1237A5D8100C2B850 = {
						CreatedOnToolsVersion = 11.2;
					};
				};
			};
			buildConfigurationList = A5A826BD237A5D8100C2B850 /* Build configuration list for PBXProject "sm" */;
			compatibilityVersion = "Xcode 9.3";
			developmentRegion = en;
			hasScannedForEncodings = 0;
			knownRegions = (
				en,
				Base,
			);
			mainGroup = A5A826B9237A5D8100C2B850;
			productRefGroup = A5A826C3237A5D8100C2B850 /* Products */;
			projectDirPath = "";
			projectRoot = "";
			targets = (
				A5A826C1237A5D8100C2B850 /* sm */,
			);
		};
/* End PBXProject section */

/* Begin PBXSourcesBuildPhase section */
		A5A826BE237A5D8100C2B850 /* Sources */ = {
			isa = PBXSourcesBuildPhase;
			buildActionMask = 2147483647;
			files = (
				A549863F237DA00D000BC9ED /* NSMutableArray_sort_sortDescriptors.swift in Sources */,
				A549863B237D8CD9000BC9ED /* Array_sort.swift in Sources */,
				A5A826D1237A8AB500C2B850 /* main.swift in Sources */,
				A5A826CD237A60AA00C2B850 /* ContiguousArray_makeIterator.swift in Sources */,
				A532C461237D50A4002E698C /* NSNumber_floatValue.swift in Sources */,
				A5498641237DA7AF000BC9ED /* NSMutableArray_sort_options_usingComparator.swift in Sources */,
				A5A826D7237AA62100C2B850 /* Array_remove_Int.swift in Sources */,
				A532C459237D3D16002E698C /* ArraySlice_popFirst.swift in Sources */,
				A5A826D5237AA34C00C2B850 /* ContiguousArray_remove_Int.swift in Sources */,
				A549863D237D9387000BC9ED /* NSMutableArray_sort_compare_context.swift in Sources */,
				A532C45B237D3E4A002E698C /* ArraySlice_removeFirst.swift in Sources */,
				A532C45D237D3F16002E698C /* Array_removeFirst.swift in Sources */,
				A5A826D3237A975300C2B850 /* Array_makeIterator.swift in Sources */,
				A532C45F237D3FC8002E698C /* ContiguousArray_removeFirst.swift in Sources */,
			);
			runOnlyForDeploymentPostprocessing = 0;
		};
/* End PBXSourcesBuildPhase section */

/* Begin XCBuildConfiguration section */
		A5A826C7237A5D8100C2B850 /* Debug */ = {
			isa = XCBuildConfiguration;
			buildSettings = {
				ALWAYS_SEARCH_USER_PATHS = NO;
				CLANG_ANALYZER_NONNULL = YES;
				CLANG_ANALYZER_NUMBER_OBJECT_CONVERSION = YES_AGGRESSIVE;
				CLANG_CXX_LANGUAGE_STANDARD = "gnu++14";
				CLANG_CXX_LIBRARY = "libc++";
				CLANG_ENABLE_MODULES = YES;
				CLANG_ENABLE_OBJC_ARC = YES;
				CLANG_ENABLE_OBJC_WEAK = YES;
				CLANG_WARN_BLOCK_CAPTURE_AUTORELEASING = YES;
				CLANG_WARN_BOOL_CONVERSION = YES;
				CLANG_WARN_COMMA = YES;
				CLANG_WARN_CONSTANT_CONVERSION = YES;
				CLANG_WARN_DEPRECATED_OBJC_IMPLEMENTATIONS = YES;
				CLANG_WARN_DIRECT_OBJC_ISA_USAGE = YES_ERROR;
				CLANG_WARN_DOCUMENTATION_COMMENTS = YES;
				CLANG_WARN_EMPTY_BODY = YES;
				CLANG_WARN_ENUM_CONVERSION = YES;
				CLANG_WARN_INFINITE_RECURSION = YES;
				CLANG_WARN_INT_CONVERSION = YES;
				CLANG_WARN_NON_LITERAL_NULL_CONVERSION = YES;
				CLANG_WARN_OBJC_IMPLICIT_RETAIN_SELF = YES;
				CLANG_WARN_OBJC_LITERAL_CONVERSION = YES;
				CLANG_WARN_OBJC_ROOT_CLASS = YES_ERROR;
				CLANG_WARN_RANGE_LOOP_ANALYSIS = YES;
				CLANG_WARN_STRICT_PROTOTYPES = YES;
				CLANG_WARN_SUSPICIOUS_MOVE = YES;
				CLANG_WARN_UNGUARDED_AVAILABILITY = YES_AGGRESSIVE;
				CLANG_WARN_UNREACHABLE_CODE = YES;
				CLANG_WARN__DUPLICATE_METHOD_MATCH = YES;
				COPY_PHASE_STRIP = NO;
				DEBUG_INFORMATION_FORMAT = dwarf;
				ENABLE_STRICT_OBJC_MSGSEND = YES;
				ENABLE_TESTABILITY = YES;
				GCC_C_LANGUAGE_STANDARD = gnu11;
				GCC_DYNAMIC_NO_PIC = NO;
				GCC_NO_COMMON_BLOCKS = YES;
				GCC_OPTIMIZATION_LEVEL = 0;
				GCC_PREPROCESSOR_DEFINITIONS = (
					"DEBUG=1",
					"$(inherited)",
				);
				GCC_WARN_64_TO_32_BIT_CONVERSION = YES;
				GCC_WARN_ABOUT_RETURN_TYPE = YES_ERROR;
				GCC_WARN_UNDECLARED_SELECTOR = YES;
				GCC_WARN_UNINITIALIZED_AUTOS = YES_AGGRESSIVE;
				GCC_WARN_UNUSED_FUNCTION = YES;
				GCC_WARN_UNUSED_VARIABLE = YES;
				MACOSX_DEPLOYMENT_TARGET = 10.15;
				MTL_ENABLE_DEBUG_INFO = INCLUDE_SOURCE;
				MTL_FAST_MATH = YES;
				ONLY_ACTIVE_ARCH = YES;
				SDKROOT = macosx;
				SWIFT_ACTIVE_COMPILATION_CONDITIONS = DEBUG;
				SWIFT_OPTIMIZATION_LEVEL = "-Onone";
			};
			name = Debug;
		};
		A5A826C8237A5D8100C2B850 /* Release */ = {
			isa = XCBuildConfiguration;
			buildSettings = {
				ALWAYS_SEARCH_USER_PATHS = NO;
				CLANG_ANALYZER_NONNULL = YES;
				CLANG_ANALYZER_NUMBER_OBJECT_CONVERSION = YES_AGGRESSIVE;
				CLANG_CXX_LANGUAGE_STANDARD = "gnu++14";
				CLANG_CXX_LIBRARY = "libc++";
				CLANG_ENABLE_MODULES = YES;
				CLANG_ENABLE_OBJC_ARC = YES;
				CLANG_ENABLE_OBJC_WEAK = YES;
				CLANG_WARN_BLOCK_CAPTURE_AUTORELEASING = YES;
				CLANG_WARN_BOOL_CONVERSION = YES;
				CLANG_WARN_COMMA = YES;
				CLANG_WARN_CONSTANT_CONVERSION = YES;
				CLANG_WARN_DEPRECATED_OBJC_IMPLEMENTATIONS = YES;
				CLANG_WARN_DIRECT_OBJC_ISA_USAGE = YES_ERROR;
				CLANG_WARN_DOCUMENTATION_COMMENTS = YES;
				CLANG_WARN_EMPTY_BODY = YES;
				CLANG_WARN_ENUM_CONVERSION = YES;
				CLANG_WARN_INFINITE_RECURSION = YES;
				CLANG_WARN_INT_CONVERSION = YES;
				CLANG_WARN_NON_LITERAL_NULL_CONVERSION = YES;
				CLANG_WARN_OBJC_IMPLICIT_RETAIN_SELF = YES;
				CLANG_WARN_OBJC_LITERAL_CONVERSION = YES;
				CLANG_WARN_OBJC_ROOT_CLASS = YES_ERROR;
				CLANG_WARN_RANGE_LOOP_ANALYSIS = YES;
				CLANG_WARN_STRICT_PROTOTYPES = YES;
				CLANG_WARN_SUSPICIOUS_MOVE = YES;
				CLANG_WARN_UNGUARDED_AVAILABILITY = YES_AGGRESSIVE;
				CLANG_WARN_UNREACHABLE_CODE = YES;
				CLANG_WARN__DUPLICATE_METHOD_MATCH = YES;
				COPY_PHASE_STRIP = NO;
				DEBUG_INFORMATION_FORMAT = "dwarf-with-dsym";
				ENABLE_NS_ASSERTIONS = NO;
				ENABLE_STRICT_OBJC_MSGSEND = YES;
				GCC_C_LANGUAGE_STANDARD = gnu11;
				GCC_NO_COMMON_BLOCKS = YES;
				GCC_WARN_64_TO_32_BIT_CONVERSION = YES;
				GCC_WARN_ABOUT_RETURN_TYPE = YES_ERROR;
				GCC_WARN_UNDECLARED_SELECTOR = YES;
				GCC_WARN_UNINITIALIZED_AUTOS = YES_AGGRESSIVE;
				GCC_WARN_UNUSED_FUNCTION = YES;
				GCC_WARN_UNUSED_VARIABLE = YES;
				MACOSX_DEPLOYMENT_TARGET = 10.15;
				MTL_ENABLE_DEBUG_INFO = NO;
				MTL_FAST_MATH = YES;
				SDKROOT = macosx;
				SWIFT_COMPILATION_MODE = wholemodule;
				SWIFT_OPTIMIZATION_LEVEL = "-O";
			};
			name = Release;
		};
		A5A826CA237A5D8100C2B850 /* Debug */ = {
			isa = XCBuildConfiguration;
			buildSettings = {
				CODE_SIGN_STYLE = Automatic;
				DEVELOPMENT_TEAM = P7ZV74CWFB;
				ENABLE_HARDENED_RUNTIME = YES;
				PRODUCT_NAME = "$(TARGET_NAME)";
				SWIFT_VERSION = 5.0;
			};
			name = Debug;
		};
		A5A826CB237A5D8100C2B850 /* Release */ = {
			isa = XCBuildConfiguration;
			buildSettings = {
				CODE_SIGN_STYLE = Automatic;
				DEVELOPMENT_TEAM = P7ZV74CWFB;
				ENABLE_HARDENED_RUNTIME = YES;
				PRODUCT_NAME = "$(TARGET_NAME)";
				SWIFT_VERSION = 5.0;
			};
			name = Release;
		};
/* End XCBuildConfiguration section */

/* Begin XCConfigurationList section */
		A5A826BD237A5D8100C2B850 /* Build configuration list for PBXProject "sm" */ = {
			isa = XCConfigurationList;
			buildConfigurations = (
				A5A826C7237A5D8100C2B850 /* Debug */,
				A5A826C8237A5D8100C2B850 /* Release */,
			);
			defaultConfigurationIsVisible = 0;
			defaultConfigurationName = Release;
		};
		A5A826C9237A5D8100C2B850 /* Build configuration list for PBXNativeTarget "sm" */ = {
			isa = XCConfigurationList;
			buildConfigurations = (
				A5A826CA237A5D8100C2B850 /* Debug */,
				A5A826CB237A5D8100C2B850 /* Release */,
			);
			defaultConfigurationIsVisible = 0;
			defaultConfigurationName = Release;
		};
/* End XCConfigurationList section */
	};
	rootObject = A5A826BA237A5D8100C2B850 /* Project object */;
}
